
Microsoft Visual Studio Solution File, Format Version 12.00
# Visual Studio Version 16
VisualStudioVersion = 16.0.31729.503
MinimumVisualStudioVersion = 10.0.40219.1
Project("{FAE04EC0-301F-11D3-BF4B-00C04F79EFBC}") = "IGI_Web_953501_Smolyar", "IGI_Web_953501_Smolyar\IGI_Web_953501_Smolyar.csproj", "{67BD5F79-B2C0-4A23-8B83-9E8E17A8DC10}"
EndProject
Global
	GlobalSection(SolutionConfigurationPlatforms) = preSolution
		Debug|Any CPU = Debug|Any CPU
		Release|Any CPU = Release|Any CPU
	EndGlobalSection
	GlobalSection(ProjectConfigurationPlatforms) = postSolution
		{67BD5F79-B2C0-4A23-8B83-9E8E17A8DC10}.Debug|Any CPU.ActiveCfg = Debug|Any CPU
		{67BD5F79-B2C0-4A23-8B83-9E8E17A8DC10}.Debug|Any CPU.Build.0 = Debug|Any CPU
		{67BD5F79-B2C0-4A23-8B83-9E8E17A8DC10}.Release|Any CPU.ActiveCfg = Release|Any CPU
		{67BD5F79-B2C0-4A23-8B83-9E8E17A8DC10}.Release|Any CPU.Build.0 = Release|Any CPU
	EndGlobalSection
	GlobalSection(SolutionProperties) = preSolution
		HideSolutionNode = FALSE
	EndGlobalSection
	GlobalSection(ExtensibilityGlobals) = postSolution
		SolutionGuid = {C5A1DD18-7838-4F51-A657-201210C65967}
	EndGlobalSection
EndGlobal
